# THIS IS AN AUTOGENERATED FILE. DO NOT EDIT THIS FILE DIRECTLY.
# yarn lockfile v1


route-recognizer@^0.3.3:
  version "0.3.3"
  resolved "https://registry.npmjs.org/route-recognizer/-/route-recognizer-0.3.3.tgz#1d365e27fa6995e091675f7dc940a8c00353bd29"

typescript@^2.5.3:
  version "2.5.3"
  resolved "https://registry.npmjs.org/typescript/-/typescript-2.5.3.tgz#df3dcdc38f3beb800d4bc322646b04a3f6ca7f0d"
